
Microsoft Visual Studio Solution File, Format Version 12.00
# Visual Studio Version 16
VisualStudioVersion = 16.0.30413.136
MinimumVisualStudioVersion = 10.0.40219.1
Project("{FAE04EC0-301F-11D3-BF4B-00C04F79EFBC}") = "ExemploAula01", "ExemploAula01\ExemploAula01.csproj", "{66FF30CC-AC35-413C-BA5D-33B279D4731D}"
EndProject
Global
	GlobalSection(SolutionConfigurationPlatforms) = preSolution
		Debug|Any CPU = Debug|Any CPU
		Release|Any CPU = Release|Any CPU
	EndGlobalSection
	GlobalSection(ProjectConfigurationPlatforms) = postSolution
		{66FF30CC-AC35-413C-BA5D-33B279D4731D}.Debug|Any CPU.ActiveCfg = Debug|Any CPU
		{66FF30CC-AC35-413C-BA5D-33B279D4731D}.Debug|Any CPU.Build.0 = Debug|Any CPU
		{66FF30CC-AC35-413C-BA5D-33B279D4731D}.Release|Any CPU.ActiveCfg = Release|Any CPU
		{66FF30CC-AC35-413C-BA5D-33B279D4731D}.Release|Any CPU.Build.0 = Release|Any CPU
	EndGlobalSection
	GlobalSection(SolutionProperties) = preSolution
		HideSolutionNode = FALSE
	EndGlobalSection
	GlobalSection(ExtensibilityGlobals) = postSolution
		SolutionGuid = {0CB504E3-0DAC-4D20-AD95-E6831F7BC80A}
	EndGlobalSection
EndGlobal
