
Microsoft Visual Studio Solution File, Format Version 12.00
# Visual Studio Version 16
VisualStudioVersion = 16.0.30413.136
MinimumVisualStudioVersion = 10.0.40219.1
Project("{FAE04EC0-301F-11D3-BF4B-00C04F79EFBC}") = "tp1", "SWTP01\tp1.csproj", "{7C752568-3894-4CF8-8826-8560136757D3}"
EndProject
Global
	GlobalSection(SolutionConfigurationPlatforms) = preSolution
		Debug|Any CPU = Debug|Any CPU
		Release|Any CPU = Release|Any CPU
	EndGlobalSection
	GlobalSection(ProjectConfigurationPlatforms) = postSolution
		{7C752568-3894-4CF8-8826-8560136757D3}.Debug|Any CPU.ActiveCfg = Debug|Any CPU
		{7C752568-3894-4CF8-8826-8560136757D3}.Debug|Any CPU.Build.0 = Debug|Any CPU
		{7C752568-3894-4CF8-8826-8560136757D3}.Release|Any CPU.ActiveCfg = Release|Any CPU
		{7C752568-3894-4CF8-8826-8560136757D3}.Release|Any CPU.Build.0 = Release|Any CPU
	EndGlobalSection
	GlobalSection(SolutionProperties) = preSolution
		HideSolutionNode = FALSE
	EndGlobalSection
	GlobalSection(ExtensibilityGlobals) = postSolution
		SolutionGuid = {EAE7606C-59FF-4D19-BB90-C379093DFBD0}
	EndGlobalSection
EndGlobal
